
Microsoft Visual Studio Solution File, Format Version 12.00
# Visual Studio Version 16
VisualStudioVersion = 16.0.31112.23
MinimumVisualStudioVersion = 10.0.40219.1
Project("{FAE04EC0-301F-11D3-BF4B-00C04F79EFBC}") = "Ejercicio2", "Ejercicio2\Ejercicio2.csproj", "{1FF09571-4E00-47DD-9CF8-4BCA231EDA8B}"
EndProject
Global
	GlobalSection(SolutionConfigurationPlatforms) = preSolution
		Debug|Any CPU = Debug|Any CPU
		Release|Any CPU = Release|Any CPU
	EndGlobalSection
	GlobalSection(ProjectConfigurationPlatforms) = postSolution
		{1FF09571-4E00-47DD-9CF8-4BCA231EDA8B}.Debug|Any CPU.ActiveCfg = Debug|Any CPU
		{1FF09571-4E00-47DD-9CF8-4BCA231EDA8B}.Debug|Any CPU.Build.0 = Debug|Any CPU
		{1FF09571-4E00-47DD-9CF8-4BCA231EDA8B}.Release|Any CPU.ActiveCfg = Release|Any CPU
		{1FF09571-4E00-47DD-9CF8-4BCA231EDA8B}.Release|Any CPU.Build.0 = Release|Any CPU
	EndGlobalSection
	GlobalSection(SolutionProperties) = preSolution
		HideSolutionNode = FALSE
	EndGlobalSection
	GlobalSection(ExtensibilityGlobals) = postSolution
		SolutionGuid = {1C84C362-4268-44A3-AABB-4E88C93D79D5}
	EndGlobalSection
EndGlobal
